<?xml version="1.0" encoding="utf-8"?>
<Project ToolsVersion="4.0" xmlns="http://schemas.microsoft.com/developer/msbuild/2003">
  <ItemGroup>
    <Filter Include="Source Files">
      <UniqueIdentifier>{4FC737F1-C7A5-4376-A066-2A32D752A2FF}</UniqueIdentifier>
      <Extensions>cpp;c;cc;cxx;c++;cppm;ixx;def;odl;idl;hpj;bat;asm;asmx</Extensions>
    </Filter>
    <Filter Include="Header Files">
      <UniqueIdentifier>{93995380-89BD-4b04-88EB-625FBE52EBFB}</UniqueIdentifier>
      <Extensions>h;hh;hpp;hxx;h++;hm;inl;inc;ipp;xsd</Extensions>
    </Filter>
    <Filter Include="Resource Files">
      <UniqueIdentifier>{67DA6AB6-F800-4c08-8B7A-83BB121AAD01}</UniqueIdentifier>
      <Extensions>rc;ico;cur;bmp;dlg;rc2;rct;bin;rgs;gif;jpg;jpeg;jpe;resx;tiff;tif;png;wav;mfcribbon-ms</Extensions>
    </Filter>
  </ItemGroup>
  <ItemGroup>
    <ClCompile Include="src\platform\windows\PlatformUtils.cpp">
      <Filter>Source Files</Filter>
    </ClCompile>
    <ClCompile Include="src\app\DriveLink.cpp">
      <Filter>Source Files</Filter>
    </ClCompile>
    <ClCompile Include="src\core\Server.cpp">
      <Filter>Source Files</Filter>
    </ClCompile>
    <ClCompile Include="src\main.cpp">
      <Filter>Source Files</Filter>
    </ClCompile>
    <ClCompile Include="src\resources\ResourceManager.cpp">
      <Filter>Source Files</Filter>
    </ClCompile>
    <ClCompile Include="src\ui\button.cpp">
      <Filter>Source Files</Filter>
    </ClCompile>
    <ClCompile Include="src\ui\cross.cpp">
      <Filter>Source Files</Filter>
    </ClCompile>
    <ClCompile Include="src\ui\progress.cpp">
      <Filter>Source Files</Filter>
    </ClCompile>
    <ClCompile Include="src\ui\text.cpp">
      <Filter>Source Files</Filter>
    </ClCompile>
    <ClCompile Include="src\platform\windows\vJoyGamepad.cpp">
      <Filter>Source Files</Filter>
    </ClCompile>
    <ClCompile Include="src\input\GamepadFeeder.cpp">
      <Filter>Source Files</Filter>
    </ClCompile>
  </ItemGroup>
  <ItemGroup>
    <ClInclude Include="include\dl\app\DriveLink.hpp">
      <Filter>Header Files</Filter>
    </ClInclude>
    <ClInclude Include="include\dl\core\InputState.hpp">
      <Filter>Header Files</Filter>
    </ClInclude>
    <ClInclude Include="include\dl\core\Protocols.hpp">
      <Filter>Header Files</Filter>
    </ClInclude>
    <ClInclude Include="include\dl\core\Server.hpp">
      <Filter>Header Files</Filter>
    </ClInclude>
    <ClInclude Include="include\dl\platform\PlatformUtils.hpp">
      <Filter>Header Files</Filter>
    </ClInclude>
    <ClInclude Include="include\dl\ui\button.hpp">
      <Filter>Header Files</Filter>
    </ClInclude>
    <ClInclude Include="include\dl\ui\component.hpp">
      <Filter>Header Files</Filter>
    </ClInclude>
    <ClInclude Include="include\dl\ui\cross.hpp">
      <Filter>Header Files</Filter>
    </ClInclude>
    <ClInclude Include="include\dl\ui\text.hpp">
      <Filter>Header Files</Filter>
    </ClInclude>
    <ClInclude Include="include\dl\utility\Logger.hpp">
      <Filter>Header Files</Filter>
    </ClInclude>
    <ClInclude Include="include\dl\utility\Utils.hpp">
      <Filter>Header Files</Filter>
    </ClInclude>
    <ClInclude Include="include\dl\core\Constants.hpp">
      <Filter>Header Files</Filter>
    </ClInclude>
    <ClInclude Include="include\dl\resources\ResourceManager.hpp">
      <Filter>Header Files</Filter>
    </ClInclude>
    <ClInclude Include="include\dl\ui\progress.hpp">
      <Filter>Header Files</Filter>
    </ClInclude>
    <ClInclude Include="thirdparty\vJoy\include\vjoyinterface.h">
      <Filter>Header Files</Filter>
    </ClInclude>
    <ClInclude Include="include\dl\platform\VirtualGamepad.hpp">
      <Filter>Header Files</Filter>
    </ClInclude>
    <ClInclude Include="thirdparty\vJoy\include\public.h">
      <Filter>Header Files</Filter>
    </ClInclude>
    <ClInclude Include="thirdparty\vJoy\include\gen-versioninfo.h">
      <Filter>Header Files</Filter>
    </ClInclude>
    <ClInclude Include="include\dl\input\GamepadFeeder.hpp">
      <Filter>Header Files</Filter>
    </ClInclude>
    <ClInclude Include="include\dl\platform\windows\vJoyGamepad.hpp">
      <Filter>Header Files</Filter>
    </ClInclude>
  </ItemGroup>
  <ItemGroup>
    <Image Include="assets\textures\UI_Steering.png">
      <Filter>Resource Files</Filter>
    </Image>
  </ItemGroup>
  <ItemGroup>
    <None Include="assets\shaders\Gradient.frag" />
    <None Include="thirdparty\vJoy\bin\x64\vJoyInterface.dll" />
    <None Include="thirdparty\vJoy\bin\x86\vJoyInterface.dll" />
  </ItemGroup>
  <ItemGroup>
    <Font Include="assets\fonts\OpenSans-SemiBold.ttf" />
    <Font Include="assets\fonts\OpenSans-Regular.ttf" />
  </ItemGroup>
  <ItemGroup>
    <Library Include="thirdparty\vJoy\lib\x64\vJoyInterface.lib" />
    <Library Include="thirdparty\vJoy\lib\x86\vJoyInterface.lib" />
  </ItemGroup>
</Project>